
Microsoft Visual Studio Solution File, Format Version 12.00
# Visual Studio Version 17
VisualStudioVersion = 17.7.34031.279
MinimumVisualStudioVersion = 10.0.40219.1
Project("{FAE04EC0-301F-11D3-BF4B-00C04F79EFBC}") = "HastyBLC", "HastyBLC\HastyBLC.csproj", "{B22C403A-CE53-47AC-9030-920124E7EADA}"
EndProject
Project("{FAE04EC0-301F-11D3-BF4B-00C04F79EFBC}") = "HastyBLCAdmin", "HastyBLCAdmin\HastyBLCAdmin.csproj", "{F2C853AE-D743-401C-8B65-EE9FBB618076}"
EndProject
Global
	GlobalSection(SolutionConfigurationPlatforms) = preSolution
		Debug|Any CPU = Debug|Any CPU
		Release|Any CPU = Release|Any CPU
	EndGlobalSection
	GlobalSection(ProjectConfigurationPlatforms) = postSolution
		{B22C403A-CE53-47AC-9030-920124E7EADA}.Debug|Any CPU.ActiveCfg = Debug|Any CPU
		{B22C403A-CE53-47AC-9030-920124E7EADA}.Debug|Any CPU.Build.0 = Debug|Any CPU
		{B22C403A-CE53-47AC-9030-920124E7EADA}.Release|Any CPU.ActiveCfg = Release|Any CPU
		{B22C403A-CE53-47AC-9030-920124E7EADA}.Release|Any CPU.Build.0 = Release|Any CPU
		{F2C853AE-D743-401C-8B65-EE9FBB618076}.Debug|Any CPU.ActiveCfg = Debug|Any CPU
		{F2C853AE-D743-401C-8B65-EE9FBB618076}.Debug|Any CPU.Build.0 = Debug|Any CPU
		{F2C853AE-D743-401C-8B65-EE9FBB618076}.Release|Any CPU.ActiveCfg = Release|Any CPU
		{F2C853AE-D743-401C-8B65-EE9FBB618076}.Release|Any CPU.Build.0 = Release|Any CPU
	EndGlobalSection
	GlobalSection(SolutionProperties) = preSolution
		HideSolutionNode = FALSE
	EndGlobalSection
	GlobalSection(ExtensibilityGlobals) = postSolution
		SolutionGuid = {259BEEF6-2FC0-4EB4-B85E-96F3755684A5}
	EndGlobalSection
EndGlobal
